# -------------------------------------------------------------------------- #
#
# Copyright (C) 2018  Intel Corporation. All rights reserved.
# Your use of Intel Corporation's design tools, logic functions 
# and other software and tools, and its AMPP partner logic 
# functions, and any output files from any of the foregoing 
# (including device programming or simulation files), and any 
# associated documentation or information are expressly subject 
# to the terms and conditions of the Intel Program License 
# Subscription Agreement, the Intel Quartus Prime License Agreement,
# the Intel FPGA IP License Agreement, or other applicable license
# agreement, including, without limitation, that your use is for
# the sole purpose of programming logic devices manufactured by
# Intel and sold by Intel or its authorized distributors.  Please
# refer to the applicable agreement for further details.
#
# -------------------------------------------------------------------------- #
#
# Quartus Prime
# Version 18.1.0 Build 625 09/12/2018 SJ Lite Edition
# Date created = 18:57:47  April 05, 2025
#
# -------------------------------------------------------------------------- #
#
# Notes:
#
# 1) The default values for assignments are stored in the file:
#		connect_four_assignment_defaults.qdf
#    If this file doesn't exist, see file:
#		assignment_defaults.qdf
#
# 2) Altera recommends that you do not modify this file. This
#    file is updated automatically by the Quartus Prime software
#    and any changes you make may be lost or overwritten.
#
# -------------------------------------------------------------------------- #


set_global_assignment -name FAMILY "Cyclone V"
set_global_assignment -name DEVICE 5CSXFC6D6F31C6
set_global_assignment -name TOP_LEVEL_ENTITY connect_four
set_global_assignment -name ORIGINAL_QUARTUS_VERSION 18.1.0
set_global_assignment -name PROJECT_CREATION_TIME_DATE "18:57:47  APRIL 05, 2025"
set_global_assignment -name LAST_QUARTUS_VERSION "18.1.0 Lite Edition"
set_global_assignment -name PROJECT_OUTPUT_DIRECTORY output_files
set_global_assignment -name BOARD "Cyclone V SoC Development Kit"
set_location_assignment PIN_AK19 -to Hs
set_location_assignment PIN_AK18 -to Vs
set_location_assignment PIN_AK29 -to R[0]
set_location_assignment PIN_AK28 -to R[1]
set_location_assignment PIN_AK27 -to R[2]
set_location_assignment PIN_AJ27 -to R[3]
set_location_assignment PIN_AH27 -to R[4]
set_location_assignment PIN_AF26 -to R[5]
set_location_assignment PIN_AG26 -to R[6]
set_location_assignment PIN_AJ26 -to R[7]
set_location_assignment PIN_AK26 -to G[0]
set_location_assignment PIN_AJ25 -to G[1]
set_location_assignment PIN_AH25 -to G[2]
set_location_assignment PIN_AK24 -to G[3]
set_location_assignment PIN_AJ24 -to G[4]
set_location_assignment PIN_AH24 -to G[5]
set_location_assignment PIN_AK23 -to G[6]
set_location_assignment PIN_AH23 -to G[7]
set_location_assignment PIN_AJ21 -to B[0]
set_location_assignment PIN_AJ20 -to B[1]
set_location_assignment PIN_AH20 -to B[2]
set_location_assignment PIN_AJ19 -to B[3]
set_location_assignment PIN_AH19 -to B[4]
set_location_assignment PIN_AJ17 -to B[5]
set_location_assignment PIN_AJ16 -to B[6]
set_location_assignment PIN_AK16 -to B[7]
set_location_assignment PIN_AF14 -to clk
set_global_assignment -name MIN_CORE_JUNCTION_TEMP 0
set_global_assignment -name MAX_CORE_JUNCTION_TEMP 85
set_global_assignment -name POWER_PRESET_COOLING_SOLUTION "23 MM HEAT SINK WITH 200 LFPM AIRFLOW"
set_global_assignment -name POWER_BOARD_THERMAL_MODEL "NONE (CONSERVATIVE)"
set_global_assignment -name EDA_SIMULATION_TOOL "ModelSim-Altera (SystemVerilog)"
set_global_assignment -name EDA_TIME_SCALE "1 ps" -section_id eda_simulation
set_global_assignment -name EDA_OUTPUT_DATA_FORMAT "SYSTEMVERILOG HDL" -section_id eda_simulation
set_global_assignment -name EDA_TEST_BENCH_ENABLE_STATUS TEST_BENCH_MODE -section_id eda_simulation
set_global_assignment -name EDA_NATIVELINK_SIMULATION_TEST_BENCH tb_connect_four -section_id eda_simulation
set_location_assignment PIN_AK22 -to VGA_Blank
set_location_assignment PIN_AJ22 -to VGA_Sync_N
set_location_assignment PIN_AK21 -to VGA_CLK
set_global_assignment -name SYSTEMVERILOG_FILE FSM.sv
set_global_assignment -name SYSTEMVERILOG_FILE Counter.sv
set_global_assignment -name SYSTEMVERILOG_FILE Vga_Controller.sv
set_global_assignment -name SYSTEMVERILOG_FILE connect_four.sv
set_global_assignment -name SYSTEMVERILOG_FILE output_files/tb_Vga_Controller.sv
set_global_assignment -name SYSTEMVERILOG_FILE Register.sv
set_global_assignment -name SYSTEMVERILOG_FILE Comparator.sv
set_global_assignment -name SYSTEMVERILOG_FILE Write_Play.sv
set_global_assignment -name SYSTEMVERILOG_FILE Game_Display.sv
set_global_assignment -name SYSTEMVERILOG_FILE output_files/Piece_ROM.sv
set_global_assignment -name SYSTEMVERILOG_FILE Mux.sv
set_global_assignment -name SYSTEMVERILOG_FILE Check_win.sv
set_global_assignment -name SYSTEMVERILOG_FILE tb_Check_win.sv
set_global_assignment -name SYSTEMVERILOG_FILE clk_div.sv
set_global_assignment -name SYSTEMVERILOG_FILE tb_connect_four.sv
set_global_assignment -name EDA_TEST_BENCH_NAME tb_connect_four -section_id eda_simulation
set_global_assignment -name EDA_DESIGN_INSTANCE_NAME NA -section_id tb_connect_four
set_global_assignment -name EDA_TEST_BENCH_MODULE_NAME tb_connect_four -section_id tb_connect_four
set_global_assignment -name SYSTEMVERILOG_FILE FSM_tb.sv
set_location_assignment PIN_AA15 -to player0in[2]
set_location_assignment PIN_AA14 -to player0in[1]
set_location_assignment PIN_AJ4 -to rstin
set_location_assignment PIN_AB30 -to startin
set_location_assignment PIN_AA24 -to debug_colum[0]
set_location_assignment PIN_AB23 -to debug_colum[1]
set_location_assignment PIN_AC23 -to debug_colum[2]
set_global_assignment -name EDA_DESIGN_INSTANCE_NAME NA -section_id tb_Debounce
set_global_assignment -name EDA_TEST_BENCH_MODULE_NAME tb_debounce -section_id tb_debounce
set_global_assignment -name SYSTEMVERILOG_FILE debounce.sv
set_global_assignment -name EDA_TEST_BENCH_NAME tb_debounce -section_id eda_simulation
set_global_assignment -name EDA_TEST_BENCH_FILE tb_connect_four.sv -section_id tb_connect_four
set_global_assignment -name EDA_TEST_BENCH_FILE tb_debounce.sv -section_id tb_debounce
set_global_assignment -name SYSTEMVERILOG_FILE Mux_31.sv
set_global_assignment -name SYSTEMVERILOG_FILE display_menu.sv
set_global_assignment -name PARTITION_NETLIST_TYPE SOURCE -section_id Top
set_global_assignment -name PARTITION_FITTER_PRESERVATION_LEVEL PLACEMENT_AND_ROUTING -section_id Top
set_global_assignment -name PARTITION_COLOR 16764057 -section_id Top
set_instance_assignment -name IO_STANDARD "3.3-V LVCMOS" -to B[7]
set_instance_assignment -name IO_STANDARD "3.3-V LVCMOS" -to B[6]
set_instance_assignment -name IO_STANDARD "3.3-V LVCMOS" -to B[5]
set_instance_assignment -name IO_STANDARD "3.3-V LVCMOS" -to B[4]
set_instance_assignment -name IO_STANDARD "3.3-V LVCMOS" -to B[3]
set_instance_assignment -name IO_STANDARD "3.3-V LVCMOS" -to B[2]
set_instance_assignment -name IO_STANDARD "3.3-V LVCMOS" -to B[1]
set_instance_assignment -name IO_STANDARD "3.3-V LVCMOS" -to B[0]
set_instance_assignment -name IO_STANDARD "3.3-V LVCMOS" -to B
set_instance_assignment -name IO_STANDARD "3.3-V LVCMOS" -to G[7]
set_instance_assignment -name IO_STANDARD "3.3-V LVCMOS" -to G[6]
set_instance_assignment -name IO_STANDARD "3.3-V LVCMOS" -to G[5]
set_instance_assignment -name IO_STANDARD "3.3-V LVCMOS" -to G[4]
set_instance_assignment -name IO_STANDARD "3.3-V LVCMOS" -to G[3]
set_instance_assignment -name IO_STANDARD "3.3-V LVCMOS" -to G[2]
set_instance_assignment -name IO_STANDARD "3.3-V LVCMOS" -to G[1]
set_instance_assignment -name IO_STANDARD "3.3-V LVCMOS" -to G[0]
set_instance_assignment -name IO_STANDARD "3.3-V LVCMOS" -to G
set_instance_assignment -name IO_STANDARD "3.3-V LVCMOS" -to Hs
set_instance_assignment -name IO_STANDARD "3.3-V LVCMOS" -to R[7]
set_instance_assignment -name IO_STANDARD "3.3-V LVCMOS" -to R[6]
set_instance_assignment -name IO_STANDARD "3.3-V LVCMOS" -to R[5]
set_instance_assignment -name IO_STANDARD "3.3-V LVCMOS" -to R[4]
set_instance_assignment -name IO_STANDARD "3.3-V LVCMOS" -to R[3]
set_instance_assignment -name IO_STANDARD "3.3-V LVCMOS" -to R[2]
set_instance_assignment -name IO_STANDARD "3.3-V LVCMOS" -to R[1]
set_instance_assignment -name IO_STANDARD "3.3-V LVCMOS" -to R[0]
set_instance_assignment -name IO_STANDARD "3.3-V LVCMOS" -to R
set_instance_assignment -name IO_STANDARD "3.3-V LVCMOS" -to Vs
set_instance_assignment -name IO_STANDARD "3.3-V LVCMOS" -to clk
set_instance_assignment -name IO_STANDARD "3.3-V LVCMOS" -to rst
set_instance_assignment -name IO_STANDARD "3.3-V LVCMOS" -to VGA_Blank
set_instance_assignment -name IO_STANDARD "3.3-V LVCMOS" -to VGA_Sync_N
set_instance_assignment -name IO_STANDARD "3.3-V LVCMOS" -to VGA_CLK
set_instance_assignment -name IO_STANDARD "3.3-V LVCMOS" -to start
set_instance_assignment -name IO_STANDARD "3.3-V LVCMOS" -to player0[0]
set_instance_assignment -name IO_STANDARD "3.3-V LVCMOS" -to player0[1]
set_instance_assignment -name IO_STANDARD "3.3-V LVCMOS" -to player0[2]
set_instance_assignment -name IO_STANDARD "3.3-V LVCMOS" -to p0in
set_instance_assignment -name IO_STANDARD "3.3-V LVCMOS" -to p1in
set_instance_assignment -name IO_STANDARD "3.3-V LVCMOS" -to player0in[2]
set_instance_assignment -name IO_STANDARD "3.3-V LVCMOS" -to player0in[1]
set_instance_assignment -name IO_STANDARD "3.3-V LVCMOS" -to player0in[0]
set_instance_assignment -name IO_STANDARD "3.3-V LVCMOS" -to player0in
set_instance_assignment -name IO_STANDARD "3.3-V LVCMOS" -to player1in[2]
set_instance_assignment -name IO_STANDARD "3.3-V LVCMOS" -to player1in[1]
set_instance_assignment -name IO_STANDARD "3.3-V LVCMOS" -to player1in[0]
set_instance_assignment -name IO_STANDARD "3.3-V LVCMOS" -to player1in
set_instance_assignment -name IO_STANDARD "3.3-V LVCMOS" -to rstin
set_instance_assignment -name IO_STANDARD "3.3-V LVCMOS" -to startin
set_instance_assignment -name IO_STANDARD "3.3-V LVCMOS" -to debug_colum[2]
set_instance_assignment -name IO_STANDARD "3.3-V LVCMOS" -to debug_colum[1]
set_instance_assignment -name IO_STANDARD "3.3-V LVCMOS" -to debug_colum[0]
set_instance_assignment -name IO_STANDARD "3.3-V LVCMOS" -to debug_colum
set_global_assignment -name SYSTEMVERILOG_FILE C_ROM.sv
set_global_assignment -name SYSTEMVERILOG_FILE output_files/O_ROM.sv
set_global_assignment -name SYSTEMVERILOG_FILE N_ROM.sv
set_global_assignment -name SYSTEMVERILOG_FILE E_ROM.sv
set_global_assignment -name SYSTEMVERILOG_FILE T_ROM.sv
set_global_assignment -name SYSTEMVERILOG_FILE Start_B_ROM.sv
set_location_assignment PIN_AD24 -to debug_colum[3]
set_global_assignment -name SYSTEMVERILOG_FILE Decoder7Seg.sv
set_instance_assignment -name IO_STANDARD "3.3-V LVCMOS" -to seg0[7]
set_instance_assignment -name IO_STANDARD "3.3-V LVCMOS" -to seg0[6]
set_instance_assignment -name IO_STANDARD "3.3-V LVCMOS" -to seg0[5]
set_instance_assignment -name IO_STANDARD "3.3-V LVCMOS" -to seg0[4]
set_instance_assignment -name IO_STANDARD "3.3-V LVCMOS" -to seg1[0]
set_instance_assignment -name IO_STANDARD "3.3-V LVCMOS" -to seg0[3]
set_instance_assignment -name IO_STANDARD "3.3-V LVCMOS" -to seg0[2]
set_instance_assignment -name IO_STANDARD "3.3-V LVCMOS" -to seg0[1]
set_instance_assignment -name IO_STANDARD "3.3-V LVCMOS" -to seg0[0]
set_instance_assignment -name IO_STANDARD "3.3-V LVCMOS" -to seg0
set_instance_assignment -name IO_STANDARD "3.3-V LVCMOS" -to seg1[7]
set_instance_assignment -name IO_STANDARD "3.3-V LVCMOS" -to seg1[1]
set_instance_assignment -name IO_STANDARD "3.3-V LVCMOS" -to seg1[2]
set_instance_assignment -name IO_STANDARD "3.3-V LVCMOS" -to seg1[3]
set_instance_assignment -name IO_STANDARD "3.3-V LVCMOS" -to seg1[4]
set_instance_assignment -name IO_STANDARD "3.3-V LVCMOS" -to seg1[5]
set_instance_assignment -name IO_STANDARD "3.3-V LVCMOS" -to seg1[6]
set_instance_assignment -name IO_STANDARD "3.3-V LVCMOS" -to seg1
set_location_assignment PIN_V18 -to seg0[6]
set_location_assignment PIN_AG17 -to seg0[5]
set_location_assignment PIN_AG16 -to seg0[4]
set_location_assignment PIN_AH17 -to seg0[3]
set_location_assignment PIN_AG18 -to seg0[2]
set_location_assignment PIN_AH18 -to seg0[1]
set_location_assignment PIN_V16 -to seg1[6]
set_location_assignment PIN_AE16 -to seg1[5]
set_location_assignment PIN_AD17 -to seg1[4]
set_location_assignment PIN_AE18 -to seg1[3]
set_location_assignment PIN_AE17 -to seg1[2]
set_location_assignment PIN_V17 -to seg1[1]
set_location_assignment PIN_W17 -to seg0[7]
set_location_assignment PIN_AF16 -to seg1[7]
set_global_assignment -name SYSTEMVERILOG_FILE Whomp_Rom.sv
set_global_assignment -name SYSTEMVERILOG_FILE display_game_over.sv
set_global_assignment -name SYSTEMVERILOG_FILE Player1_ROM.sv
set_global_assignment -name SYSTEMVERILOG_FILE Player2_ROM.sv
set_location_assignment PIN_AK4 -to p0in
set_global_assignment -name SYSTEMVERILOG_FILE Ps2_Key.sv
set_location_assignment PIN_AB25 -to PS2_CLK
set_location_assignment PIN_AA25 -to DATA_PS2
set_instance_assignment -name IO_STANDARD "3.3-V LVCMOS" -to DATA_PS2
set_instance_assignment -name IO_STANDARD "3.3-V LVCMOS" -to PS2_CLK
set_global_assignment -name ENABLE_SIGNALTAP ON
set_global_assignment -name USE_SIGNALTAP_FILE prueba.stp
set_global_assignment -name SIGNALTAP_FILE prueba.stp
set_global_assignment -name SLD_NODE_CREATOR_ID 110 -section_id auto_signaltap_0
set_global_assignment -name SLD_NODE_ENTITY_NAME sld_signaltap -section_id auto_signaltap_0
set_instance_assignment -name CONNECT_TO_SLD_NODE_ENTITY_PORT acq_clk -to clk -section_id auto_signaltap_0
set_instance_assignment -name CONNECT_TO_SLD_NODE_ENTITY_PORT acq_trigger_in[0] -to DATA_PS2 -section_id auto_signaltap_0
set_instance_assignment -name CONNECT_TO_SLD_NODE_ENTITY_PORT acq_trigger_in[1] -to PS2_CLK -section_id auto_signaltap_0
set_instance_assignment -name CONNECT_TO_SLD_NODE_ENTITY_PORT acq_trigger_in[2] -to left -section_id auto_signaltap_0
set_instance_assignment -name CONNECT_TO_SLD_NODE_ENTITY_PORT acq_trigger_in[3] -to p0in -section_id auto_signaltap_0
set_instance_assignment -name CONNECT_TO_SLD_NODE_ENTITY_PORT acq_trigger_in[4] -to right -section_id auto_signaltap_0
set_instance_assignment -name CONNECT_TO_SLD_NODE_ENTITY_PORT acq_data_in[0] -to DATA_PS2 -section_id auto_signaltap_0
set_instance_assignment -name CONNECT_TO_SLD_NODE_ENTITY_PORT acq_data_in[1] -to PS2_CLK -section_id auto_signaltap_0
set_instance_assignment -name CONNECT_TO_SLD_NODE_ENTITY_PORT acq_data_in[2] -to left -section_id auto_signaltap_0
set_instance_assignment -name CONNECT_TO_SLD_NODE_ENTITY_PORT acq_data_in[3] -to p0in -section_id auto_signaltap_0
set_instance_assignment -name CONNECT_TO_SLD_NODE_ENTITY_PORT acq_data_in[4] -to right -section_id auto_signaltap_0
set_global_assignment -name SLD_NODE_PARAMETER_ASSIGNMENT "SLD_RAM_BLOCK_TYPE=AUTO" -section_id auto_signaltap_0
set_global_assignment -name SLD_NODE_PARAMETER_ASSIGNMENT "SLD_DATA_BITS=5" -section_id auto_signaltap_0
set_global_assignment -name SLD_NODE_PARAMETER_ASSIGNMENT "SLD_TRIGGER_BITS=5" -section_id auto_signaltap_0
set_global_assignment -name SLD_NODE_PARAMETER_ASSIGNMENT "SLD_STORAGE_QUALIFIER_BITS=5" -section_id auto_signaltap_0
set_global_assignment -name SLD_NODE_PARAMETER_ASSIGNMENT "SLD_NODE_INFO=805334528" -section_id auto_signaltap_0
set_global_assignment -name SLD_NODE_PARAMETER_ASSIGNMENT "SLD_POWER_UP_TRIGGER=0" -section_id auto_signaltap_0
set_global_assignment -name SLD_NODE_PARAMETER_ASSIGNMENT "SLD_INVERSION_MASK=000000000000000000000000000000000000" -section_id auto_signaltap_0
set_global_assignment -name SLD_NODE_PARAMETER_ASSIGNMENT "SLD_INVERSION_MASK_LENGTH=36" -section_id auto_signaltap_0
set_global_assignment -name SLD_NODE_PARAMETER_ASSIGNMENT "SLD_STORAGE_QUALIFIER_INVERSION_MASK_LENGTH=0" -section_id auto_signaltap_0
set_global_assignment -name SLD_NODE_PARAMETER_ASSIGNMENT "SLD_SEGMENT_SIZE=128" -section_id auto_signaltap_0
set_global_assignment -name SLD_NODE_PARAMETER_ASSIGNMENT "SLD_ATTRIBUTE_MEM_MODE=OFF" -section_id auto_signaltap_0
set_global_assignment -name SLD_NODE_PARAMETER_ASSIGNMENT "SLD_STATE_FLOW_USE_GENERATED=0" -section_id auto_signaltap_0
set_global_assignment -name SLD_NODE_PARAMETER_ASSIGNMENT "SLD_STATE_BITS=11" -section_id auto_signaltap_0
set_global_assignment -name SLD_NODE_PARAMETER_ASSIGNMENT "SLD_BUFFER_FULL_STOP=1" -section_id auto_signaltap_0
set_global_assignment -name SLD_NODE_PARAMETER_ASSIGNMENT "SLD_CURRENT_RESOURCE_WIDTH=1" -section_id auto_signaltap_0
set_global_assignment -name SLD_NODE_PARAMETER_ASSIGNMENT "SLD_INCREMENTAL_ROUTING=1" -section_id auto_signaltap_0
set_instance_assignment -name POST_FIT_CONNECT_TO_SLD_NODE_ENTITY_PORT crc[0] -to auto_signaltap_0|vcc -section_id auto_signaltap_0
set_instance_assignment -name POST_FIT_CONNECT_TO_SLD_NODE_ENTITY_PORT crc[1] -to auto_signaltap_0|gnd -section_id auto_signaltap_0
set_instance_assignment -name POST_FIT_CONNECT_TO_SLD_NODE_ENTITY_PORT crc[2] -to auto_signaltap_0|gnd -section_id auto_signaltap_0
set_instance_assignment -name POST_FIT_CONNECT_TO_SLD_NODE_ENTITY_PORT crc[3] -to auto_signaltap_0|vcc -section_id auto_signaltap_0
set_instance_assignment -name POST_FIT_CONNECT_TO_SLD_NODE_ENTITY_PORT crc[4] -to auto_signaltap_0|vcc -section_id auto_signaltap_0
set_instance_assignment -name POST_FIT_CONNECT_TO_SLD_NODE_ENTITY_PORT crc[5] -to auto_signaltap_0|vcc -section_id auto_signaltap_0
set_instance_assignment -name POST_FIT_CONNECT_TO_SLD_NODE_ENTITY_PORT crc[6] -to auto_signaltap_0|vcc -section_id auto_signaltap_0
set_instance_assignment -name POST_FIT_CONNECT_TO_SLD_NODE_ENTITY_PORT crc[7] -to auto_signaltap_0|vcc -section_id auto_signaltap_0
set_instance_assignment -name POST_FIT_CONNECT_TO_SLD_NODE_ENTITY_PORT crc[8] -to auto_signaltap_0|vcc -section_id auto_signaltap_0
set_instance_assignment -name POST_FIT_CONNECT_TO_SLD_NODE_ENTITY_PORT crc[9] -to auto_signaltap_0|vcc -section_id auto_signaltap_0
set_instance_assignment -name POST_FIT_CONNECT_TO_SLD_NODE_ENTITY_PORT crc[10] -to auto_signaltap_0|vcc -section_id auto_signaltap_0
set_instance_assignment -name POST_FIT_CONNECT_TO_SLD_NODE_ENTITY_PORT crc[11] -to auto_signaltap_0|vcc -section_id auto_signaltap_0
set_instance_assignment -name POST_FIT_CONNECT_TO_SLD_NODE_ENTITY_PORT crc[12] -to auto_signaltap_0|gnd -section_id auto_signaltap_0
set_instance_assignment -name POST_FIT_CONNECT_TO_SLD_NODE_ENTITY_PORT crc[13] -to auto_signaltap_0|vcc -section_id auto_signaltap_0
set_instance_assignment -name POST_FIT_CONNECT_TO_SLD_NODE_ENTITY_PORT crc[14] -to auto_signaltap_0|vcc -section_id auto_signaltap_0
set_instance_assignment -name POST_FIT_CONNECT_TO_SLD_NODE_ENTITY_PORT crc[15] -to auto_signaltap_0|gnd -section_id auto_signaltap_0
set_instance_assignment -name POST_FIT_CONNECT_TO_SLD_NODE_ENTITY_PORT crc[16] -to auto_signaltap_0|gnd -section_id auto_signaltap_0
set_instance_assignment -name POST_FIT_CONNECT_TO_SLD_NODE_ENTITY_PORT crc[17] -to auto_signaltap_0|gnd -section_id auto_signaltap_0
set_instance_assignment -name POST_FIT_CONNECT_TO_SLD_NODE_ENTITY_PORT crc[18] -to auto_signaltap_0|gnd -section_id auto_signaltap_0
set_instance_assignment -name POST_FIT_CONNECT_TO_SLD_NODE_ENTITY_PORT crc[19] -to auto_signaltap_0|gnd -section_id auto_signaltap_0
set_instance_assignment -name POST_FIT_CONNECT_TO_SLD_NODE_ENTITY_PORT crc[20] -to auto_signaltap_0|gnd -section_id auto_signaltap_0
set_instance_assignment -name POST_FIT_CONNECT_TO_SLD_NODE_ENTITY_PORT crc[21] -to auto_signaltap_0|vcc -section_id auto_signaltap_0
set_instance_assignment -name POST_FIT_CONNECT_TO_SLD_NODE_ENTITY_PORT crc[22] -to auto_signaltap_0|gnd -section_id auto_signaltap_0
set_instance_assignment -name POST_FIT_CONNECT_TO_SLD_NODE_ENTITY_PORT crc[23] -to auto_signaltap_0|gnd -section_id auto_signaltap_0
set_instance_assignment -name POST_FIT_CONNECT_TO_SLD_NODE_ENTITY_PORT crc[24] -to auto_signaltap_0|gnd -section_id auto_signaltap_0
set_instance_assignment -name POST_FIT_CONNECT_TO_SLD_NODE_ENTITY_PORT crc[25] -to auto_signaltap_0|vcc -section_id auto_signaltap_0
set_instance_assignment -name POST_FIT_CONNECT_TO_SLD_NODE_ENTITY_PORT crc[26] -to auto_signaltap_0|gnd -section_id auto_signaltap_0
set_instance_assignment -name POST_FIT_CONNECT_TO_SLD_NODE_ENTITY_PORT crc[27] -to auto_signaltap_0|gnd -section_id auto_signaltap_0
set_instance_assignment -name POST_FIT_CONNECT_TO_SLD_NODE_ENTITY_PORT crc[28] -to auto_signaltap_0|vcc -section_id auto_signaltap_0
set_instance_assignment -name POST_FIT_CONNECT_TO_SLD_NODE_ENTITY_PORT crc[29] -to auto_signaltap_0|vcc -section_id auto_signaltap_0
set_instance_assignment -name POST_FIT_CONNECT_TO_SLD_NODE_ENTITY_PORT crc[30] -to auto_signaltap_0|gnd -section_id auto_signaltap_0
set_instance_assignment -name POST_FIT_CONNECT_TO_SLD_NODE_ENTITY_PORT crc[31] -to auto_signaltap_0|vcc -section_id auto_signaltap_0
set_global_assignment -name SLD_NODE_PARAMETER_ASSIGNMENT "SLD_TRIGGER_LEVEL=1" -section_id auto_signaltap_0
set_global_assignment -name SLD_NODE_PARAMETER_ASSIGNMENT "SLD_SAMPLE_DEPTH=128" -section_id auto_signaltap_0
set_global_assignment -name SLD_NODE_PARAMETER_ASSIGNMENT "SLD_TRIGGER_IN_ENABLED=0" -section_id auto_signaltap_0
set_global_assignment -name SLD_NODE_PARAMETER_ASSIGNMENT "SLD_TRIGGER_PIPELINE=0" -section_id auto_signaltap_0
set_global_assignment -name SLD_NODE_PARAMETER_ASSIGNMENT "SLD_RAM_PIPELINE=0" -section_id auto_signaltap_0
set_global_assignment -name SLD_NODE_PARAMETER_ASSIGNMENT "SLD_COUNTER_PIPELINE=0" -section_id auto_signaltap_0
set_global_assignment -name SLD_NODE_PARAMETER_ASSIGNMENT "SLD_ADVANCED_TRIGGER_ENTITY=basic,1," -section_id auto_signaltap_0
set_global_assignment -name SLD_NODE_PARAMETER_ASSIGNMENT "SLD_TRIGGER_LEVEL_PIPELINE=1" -section_id auto_signaltap_0
set_global_assignment -name SLD_NODE_PARAMETER_ASSIGNMENT "SLD_ENABLE_ADVANCED_TRIGGER=0" -section_id auto_signaltap_0
set_instance_assignment -name PARTITION_HIERARCHY root_partition -to | -section_id Top
set_global_assignment -name SLD_FILE db/prueba_auto_stripped.stp